
Microsoft Visual Studio Solution File, Format Version 12.00
# Visual Studio Version 17
VisualStudioVersion = 17.5.33414.496
MinimumVisualStudioVersion = 10.0.40219.1
Project("{9A19103F-16F7-4668-BE54-9A1E7A4F7556}") = "TechicalTask.API", "TechicalTask.API\TechicalTask.API.csproj", "{2AF59F56-D247-4DB8-9989-0AA113476227}"
EndProject
Project("{9A19103F-16F7-4668-BE54-9A1E7A4F7556}") = "TecnhicalTask.UI", "TecnhicalTask.UI\TecnhicalTask.UI.csproj", "{312BF48B-D266-469E-BC2D-F3CD6D1E5C98}"
EndProject
Global
	GlobalSection(SolutionConfigurationPlatforms) = preSolution
		Debug|Any CPU = Debug|Any CPU
		Release|Any CPU = Release|Any CPU
	EndGlobalSection
	GlobalSection(ProjectConfigurationPlatforms) = postSolution
		{2AF59F56-D247-4DB8-9989-0AA113476227}.Debug|Any CPU.ActiveCfg = Debug|Any CPU
		{2AF59F56-D247-4DB8-9989-0AA113476227}.Debug|Any CPU.Build.0 = Debug|Any CPU
		{2AF59F56-D247-4DB8-9989-0AA113476227}.Release|Any CPU.ActiveCfg = Release|Any CPU
		{2AF59F56-D247-4DB8-9989-0AA113476227}.Release|Any CPU.Build.0 = Release|Any CPU
		{312BF48B-D266-469E-BC2D-F3CD6D1E5C98}.Debug|Any CPU.ActiveCfg = Debug|Any CPU
		{312BF48B-D266-469E-BC2D-F3CD6D1E5C98}.Debug|Any CPU.Build.0 = Debug|Any CPU
		{312BF48B-D266-469E-BC2D-F3CD6D1E5C98}.Release|Any CPU.ActiveCfg = Release|Any CPU
		{312BF48B-D266-469E-BC2D-F3CD6D1E5C98}.Release|Any CPU.Build.0 = Release|Any CPU
	EndGlobalSection
	GlobalSection(SolutionProperties) = preSolution
		HideSolutionNode = FALSE
	EndGlobalSection
	GlobalSection(ExtensibilityGlobals) = postSolution
		SolutionGuid = {61DE7008-4E1E-4AB1-8216-7B37283627C4}
	EndGlobalSection
EndGlobal
